%{
  "amqp": {:hex, :amqp, "4.1.0", "ab993d7a7adb41bc52fc084224441bad34ba04a6ff97fcd4a17f8281ed010ed1", [:mix], [{:amqp_client, "~> 4.0", [hex: :amqp_client, repo: "hexpm", optional: false]}], "hexpm", "360559cb5a4c4a920806a8c281d0418db3a625ce730008c8460749dd9b1cf838"},
  "amqp_client": {:hex, :amqp_client, "4.2.1", "cff0cc13186e57457dc5745f1b3a4127c6857717cb8f5920dc457c84d0ad00a2", [:make, :rebar3], [{:credentials_obfuscation, "3.5.0", [hex: :credentials_obfuscation, repo: "hexpm", optional: false]}, {:rabbit_common, "4.2.1", [hex: :rabbit_common, repo: "hexpm", optional: false]}], "hexpm", "8ae00b055a58500e0557f73d9c0ffe257487131e603f7f84fe72cbfaaf03838a"},
  "bunt": {:hex, :bunt, "1.0.0", "081c2c665f086849e6d57900292b3a161727ab40431219529f13c4ddcf3e7a44", [:mix], [], "hexpm", "dc5f86aa08a5f6fa6b8096f0735c4e76d54ae5c9fa2c143e5a1fc7c1cd9bb6b5"},
  "credentials_obfuscation": {:hex, :credentials_obfuscation, "3.5.0", "61e282adfb4439486b3994faaec69543c7ee6cc7e70c6340e8853fd9deaf8219", [:rebar3], [], "hexpm", "843adbe3246861ce0f1a0fa3222f384834eb31defd8d6b9cba7afd2977c957bc"},
  "credo": {:hex, :credo, "1.7.15", "283da72eeb2fd3ccf7248f4941a0527efb97afa224bcdef30b4b580bc8258e1c", [:mix], [{:bunt, "~> 0.2.1 or ~> 1.0", [hex: :bunt, repo: "hexpm", optional: false]}, {:file_system, "~> 0.2 or ~> 1.0", [hex: :file_system, repo: "hexpm", optional: false]}, {:jason, "~> 1.0", [hex: :jason, repo: "hexpm", optional: false]}], "hexpm", "291e8645ea3fea7481829f1e1eb0881b8395db212821338e577a90bf225c5607"},
  "file_system": {:hex, :file_system, "1.1.1", "31864f4685b0148f25bd3fbef2b1228457c0c89024ad67f7a81a3ffbc0bbad3a", [:mix], [], "hexpm", "7a15ff97dfe526aeefb090a7a9d3d03aa907e100e262a0f8f7746b78f8f87a5d"},
  "gen_smtp": {:hex, :gen_smtp, "1.3.0", "62c3d91f0dcf6ce9db71bcb6881d7ad0d1d834c7f38c13fa8e952f4104a8442e", [:rebar3], [{:ranch, ">= 1.8.0", [hex: :ranch, repo: "hexpm", optional: false]}], "hexpm", "0b73fbf069864ecbce02fe653b16d3f35fd889d0fdd4e14527675565c39d84e6"},
  "idna": {:hex, :idna, "6.1.1", "8a63070e9f7d0c62eb9d9fcb360a7de382448200fbbd1b106cc96d3d8099df8d", [:rebar3], [{:unicode_util_compat, "~> 0.7.0", [hex: :unicode_util_compat, repo: "hexpm", optional: false]}], "hexpm", "92376eb7894412ed19ac475e4a86f7b413c1b9fbb5bd16dccd57934157944cea"},
  "jason": {:hex, :jason, "1.4.4", "b9226785a9aa77b6857ca22832cffa5d5011a667207eb2a0ad56adb5db443b8a", [:mix], [{:decimal, "~> 1.0 or ~> 2.0", [hex: :decimal, repo: "hexpm", optional: true]}], "hexpm", "c5eb0cab91f094599f94d55bc63409236a8ec69a21a67814529e8d5f6cc90b3b"},
  "mime": {:hex, :mime, "2.0.7", "b8d739037be7cd402aee1ba0306edfdef982687ee7e9859bee6198c1e7e2f128", [:mix], [], "hexpm", "6171188e399ee16023ffc5b76ce445eb6d9672e2e241d2df6050f3c771e80ccd"},
  "rabbit_common": {:hex, :rabbit_common, "4.2.1", "1d64e391e12116b76b1425eb96b7552de51f0301093eba669b5334f4759cc1e8", [:make, :rebar3], [{:credentials_obfuscation, "3.5.0", [hex: :credentials_obfuscation, repo: "hexpm", optional: false]}, {:ranch, "2.2.0", [hex: :ranch, repo: "hexpm", optional: false]}, {:recon, "2.5.6", [hex: :recon, repo: "hexpm", optional: false]}, {:thoas, "1.2.1", [hex: :thoas, repo: "hexpm", optional: false]}], "hexpm", "ff509b07e639b1784898c28031e5204fea14260172e4fc339f94405586037e40"},
  "ranch": {:hex, :ranch, "2.2.0", "25528f82bc8d7c6152c57666ca99ec716510fe0925cb188172f41ce93117b1b0", [:make, :rebar3], [], "hexpm", "fa0b99a1780c80218a4197a59ea8d3bdae32fbff7e88527d7d8a4787eff4f8e7"},
  "recon": {:hex, :recon, "2.5.6", "9052588e83bfedfd9b72e1034532aee2a5369d9d9343b61aeb7fbce761010741", [:mix, :rebar3], [], "hexpm", "96c6799792d735cc0f0fd0f86267e9d351e63339cbe03df9d162010cefc26bb0"},
  "swoosh": {:hex, :swoosh, "1.20.0", "b04134c2b302da74c3a95ca4ddde191e4854d2847d6687783fecb023a9647598", [:mix], [{:bandit, ">= 1.0.0", [hex: :bandit, repo: "hexpm", optional: true]}, {:cowboy, "~> 1.1 or ~> 2.4", [hex: :cowboy, repo: "hexpm", optional: true]}, {:ex_aws, "~> 2.1", [hex: :ex_aws, repo: "hexpm", optional: true]}, {:finch, "~> 0.6", [hex: :finch, repo: "hexpm", optional: true]}, {:gen_smtp, "~> 0.13 or ~> 1.0", [hex: :gen_smtp, repo: "hexpm", optional: true]}, {:hackney, "~> 1.9", [hex: :hackney, repo: "hexpm", optional: true]}, {:idna, "~> 6.0", [hex: :idna, repo: "hexpm", optional: false]}, {:jason, "~> 1.0", [hex: :jason, repo: "hexpm", optional: false]}, {:mail, "~> 0.2", [hex: :mail, repo: "hexpm", optional: true]}, {:mime, "~> 1.1 or ~> 2.0", [hex: :mime, repo: "hexpm", optional: false]}, {:mua, "~> 0.2.3", [hex: :mua, repo: "hexpm", optional: true]}, {:multipart, "~> 0.4", [hex: :multipart, repo: "hexpm", optional: true]}, {:plug, "~> 1.9", [hex: :plug, repo: "hexpm", optional: true]}, {:plug_cowboy, ">= 1.0.0", [hex: :plug_cowboy, repo: "hexpm", optional: true]}, {:req, "~> 0.5.10 or ~> 0.6 or ~> 1.0", [hex: :req, repo: "hexpm", optional: true]}, {:telemetry, "~> 0.4.2 or ~> 1.0", [hex: :telemetry, repo: "hexpm", optional: false]}], "hexpm", "13e610f709bae54851d68afb6862882aa646e5c974bf49e3bf5edd84a73cf213"},
  "telemetry": {:hex, :telemetry, "1.3.0", "fedebbae410d715cf8e7062c96a1ef32ec22e764197f70cda73d82778d61e7a2", [:rebar3], [], "hexpm", "7015fc8919dbe63764f4b4b87a95b7c0996bd539e0d499be6ec9d7f3875b79e6"},
  "thoas": {:hex, :thoas, "1.2.1", "19a25f31177a17e74004d4840f66d791d4298c5738790fa2cc73731eb911f195", [:rebar3], [], "hexpm", "e38697edffd6e91bd12cea41b155115282630075c2a727e7a6b2947f5408b86a"},
  "unicode_util_compat": {:hex, :unicode_util_compat, "0.7.1", "a48703a25c170eedadca83b11e88985af08d35f37c6f664d6dcfb106a97782fc", [:rebar3], [], "hexpm", "b3a917854ce3ae233619744ad1e0102e05673136776fb2fa76234f3e03b23642"},
}
